// !$*UTF8*$!
{
	archiveVersion = 1;
	classes = {
	};
	objectVersion = 50;
	objects = {

/* Begin PBXBuildFile section */
		A976BA25240E3B43006DD281 /* AppDelegate.swift in Sources */ = {isa = PBXBuildFile; fileRef = A976BA24240E3B43006DD281 /* AppDelegate.swift */; };
		A976BA27240E3B43006DD281 /* SceneDelegate.swift in Sources */ = {isa = PBXBuildFile; fileRef = A976BA26240E3B43006DD281 /* SceneDelegate.swift */; };
		A976BA2C240E3B43006DD281 /* Main.storyboard in Resources */ = {isa = PBXBuildFile; fileRef = A976BA2A240E3B43006DD281 /* Main.storyboard */; };
		A976BA2E240E3B46006DD281 /* Assets.xcassets in Resources */ = {isa = PBXBuildFile; fileRef = A976BA2D240E3B46006DD281 /* Assets.xcassets */; };
		A976BA31240E3B46006DD281 /* LaunchScreen.storyboard in Resources */ = {isa = PBXBuildFile; fileRef = A976BA2F240E3B46006DD281 /* LaunchScreen.storyboard */; };
		A976BA39240E44D9006DD281 /* CollectionViewController.swift in Sources */ = {isa = PBXBuildFile; fileRef = A976BA38240E44D9006DD281 /* CollectionViewController.swift */; };
		A976BA3B240E4574006DD281 /* CollectionViewCell.swift in Sources */ = {isa = PBXBuildFile; fileRef = A976BA3A240E4574006DD281 /* CollectionViewCell.swift */; };
		A976BA3D240E49B6006DD281 /* HeaderSupplementaryView.swift in Sources */ = {isa = PBXBuildFile; fileRef = A976BA3C240E49B6006DD281 /* HeaderSupplementaryView.swift */; };
		A976BA3F240E4AEE006DD281 /* FooterView.swift in Sources */ = {isa = PBXBuildFile; fileRef = A976BA3E240E4AEE006DD281 /* FooterView.swift */; };
		A976BA41240E4F92006DD281 /* DetailViewController.swift in Sources */ = {isa = PBXBuildFile; fileRef = A976BA40240E4F92006DD281 /* DetailViewController.swift */; };
/* End PBXBuildFile section */

/* Begin PBXFileReference section */
		A976BA21240E3B43006DD281 /* Picz.app */ = {isa = PBXFileReference; explicitFileType = wrapper.application; includeInIndex = 0; path = Picz.app; sourceTree = BUILT_PRODUCTS_DIR; };
		A976BA24240E3B43006DD281 /* AppDelegate.swift */ = {isa = PBXFileReference; lastKnownFileType = sourcecode.swift; path = AppDelegate.swift; sourceTree = "<group>"; };
		A976BA26240E3B43006DD281 /* SceneDelegate.swift */ = {isa = PBXFileReference; lastKnownFileType = sourcecode.swift; path = SceneDelegate.swift; sourceTree = "<group>"; };
		A976BA2B240E3B43006DD281 /* Base */ = {isa = PBXFileReference; lastKnownFileType = file.storyboard; name = Base; path = Base.lproj/Main.storyboard; sourceTree = "<group>"; };
		A976BA2D240E3B46006DD281 /* Assets.xcassets */ = {isa = PBXFileReference; lastKnownFileType = folder.assetcatalog; path = Assets.xcassets; sourceTree = "<group>"; };
		A976BA30240E3B46006DD281 /* Base */ = {isa = PBXFileReference; lastKnownFileType = file.storyboard; name = Base; path = Base.lproj/LaunchScreen.storyboard; sourceTree = "<group>"; };
		A976BA32240E3B46006DD281 /* Info.plist */ = {isa = PBXFileReference; lastKnownFileType = text.plist.xml; path = Info.plist; sourceTree = "<group>"; };
		A976BA38240E44D9006DD281 /* CollectionViewController.swift */ = {isa = PBXFileReference; lastKnownFileType = sourcecode.swift; path = CollectionViewController.swift; sourceTree = "<group>"; };
		A976BA3A240E4574006DD281 /* CollectionViewCell.swift */ = {isa = PBXFileReference; lastKnownFileType = sourcecode.swift; path = CollectionViewCell.swift; sourceTree = "<group>"; };
		A976BA3C240E49B6006DD281 /* HeaderSupplementaryView.swift */ = {isa = PBXFileReference; lastKnownFileType = sourcecode.swift; path = HeaderSupplementaryView.swift; sourceTree = "<group>"; };
		A976BA3E240E4AEE006DD281 /* FooterView.swift */ = {isa = PBXFileReference; lastKnownFileType = sourcecode.swift; path = FooterView.swift; sourceTree = "<group>"; };
		A976BA40240E4F92006DD281 /* DetailViewController.swift */ = {isa = PBXFileReference; lastKnownFileType = sourcecode.swift; path = DetailViewController.swift; sourceTree = "<group>"; };
/* End PBXFileReference section */

/* Begin PBXFrameworksBuildPhase section */
		A976BA1E240E3B43006DD281 /* Frameworks */ = {
			isa = PBXFrameworksBuildPhase;
			buildActionMask = 2147483647;
			files = (
			);
			runOnlyForDeploymentPostprocessing = 0;
		};
/* End PBXFrameworksBuildPhase section */

/* Begin PBXGroup section */
		A976BA18240E3B43006DD281 = {
			isa = PBXGroup;
			children = (
				A976BA23240E3B43006DD281 /* Picz */,
				A976BA22240E3B43006DD281 /* Products */,
			);
			sourceTree = "<group>";
		};
		A976BA22240E3B43006DD281 /* Products */ = {
			isa = PBXGroup;
			children = (
				A976BA21240E3B43006DD281 /* Picz.app */,
			);
			name = Products;
			sourceTree = "<group>";
		};
		A976BA23240E3B43006DD281 /* Picz */ = {
			isa = PBXGroup;
			children = (
				A976BA24240E3B43006DD281 /* AppDelegate.swift */,
				A976BA26240E3B43006DD281 /* SceneDelegate.swift */,
				A976BA38240E44D9006DD281 /* CollectionViewController.swift */,
				A976BA3A240E4574006DD281 /* CollectionViewCell.swift */,
				A976BA3C240E49B6006DD281 /* HeaderSupplementaryView.swift */,
				A976BA40240E4F92006DD281 /* DetailViewController.swift */,
				A976BA2A240E3B43006DD281 /* Main.storyboard */,
				A976BA3E240E4AEE006DD281 /* FooterView.swift */,
				A976BA2D240E3B46006DD281 /* Assets.xcassets */,
				A976BA2F240E3B46006DD281 /* LaunchScreen.storyboard */,
				A976BA32240E3B46006DD281 /* Info.plist */,
			);
			path = Picz;
			sourceTree = "<group>";
		};
/* End PBXGroup section */

/* Begin PBXNativeTarget section */
		A976BA20240E3B43006DD281 /* Picz */ = {
			isa = PBXNativeTarget;
			buildConfigurationList = A976BA35240E3B46006DD281 /* Build configuration list for PBXNativeTarget "Picz" */;
			buildPhases = (
				A976BA1D240E3B43006DD281 /* Sources */,
				A976BA1E240E3B43006DD281 /* Frameworks */,
				A976BA1F240E3B43006DD281 /* Resources */,
			);
			buildRules = (
			);
			dependencies = (
			);
			name = Picz;
			productName = Picz;
			productReference = A976BA21240E3B43006DD281 /* Picz.app */;
			productType = "com.apple.product-type.application";
		};
/* End PBXNativeTarget section */

/* Begin PBXProject section */
		A976BA19240E3B43006DD281 /* Project object */ = {
			isa = PBXProject;
			attributes = {
				LastSwiftUpdateCheck = 1130;
				LastUpgradeCheck = 1130;
				ORGANIZATIONNAME = "Fiorella Sobenes";
				TargetAttributes = {
					A976BA20240E3B43006DD281 = {
						CreatedOnToolsVersion = 11.3.1;
					};
				};
			};
			buildConfigurationList = A976BA1C240E3B43006DD281 /* Build configuration list for PBXProject "Picz" */;
			compatibilityVersion = "Xcode 9.3";
			developmentRegion = en;
			hasScannedForEncodings = 0;
			knownRegions = (
				en,
				Base,
			);
			mainGroup = A976BA18240E3B43006DD281;
			productRefGroup = A976BA22240E3B43006DD281 /* Products */;
			projectDirPath = "";
			projectRoot = "";
			targets = (
				A976BA20240E3B43006DD281 /* Picz */,
			);
		};
/* End PBXProject section */

/* Begin PBXResourcesBuildPhase section */
		A976BA1F240E3B43006DD281 /* Resources */ = {
			isa = PBXResourcesBuildPhase;
			buildActionMask = 2147483647;
			files = (
				A976BA31240E3B46006DD281 /* LaunchScreen.storyboard in Resources */,
				A976BA2E240E3B46006DD281 /* Assets.xcassets in Resources */,
				A976BA2C240E3B43006DD281 /* Main.storyboard in Resources */,
			);
			runOnlyForDeploymentPostprocessing = 0;
		};
/* End PBXResourcesBuildPhase section */

/* Begin PBXSourcesBuildPhase section */
		A976BA1D240E3B43006DD281 /* Sources */ = {
			isa = PBXSourcesBuildPhase;
			buildActionMask = 2147483647;
			files = (
				A976BA39240E44D9006DD281 /* CollectionViewController.swift in Sources */,
				A976BA25240E3B43006DD281 /* AppDelegate.swift in Sources */,
				A976BA3B240E4574006DD281 /* CollectionViewCell.swift in Sources */,
				A976BA3F240E4AEE006DD281 /* FooterView.swift in Sources */,
				A976BA27240E3B43006DD281 /* SceneDelegate.swift in Sources */,
				A976BA3D240E49B6006DD281 /* HeaderSupplementaryView.swift in Sources */,
				A976BA41240E4F92006DD281 /* DetailViewController.swift in Sources */,
			);
			runOnlyForDeploymentPostprocessing = 0;
		};
/* End PBXSourcesBuildPhase section */

/* Begin PBXVariantGroup section */
		A976BA2A240E3B43006DD281 /* Main.storyboard */ = {
			isa = PBXVariantGroup;
			children = (
				A976BA2B240E3B43006DD281 /* Base */,
			);
			name = Main.storyboard;
			sourceTree = "<group>";
		};
		A976BA2F240E3B46006DD281 /* LaunchScreen.storyboard */ = {
			isa = PBXVariantGroup;
			children = (
				A976BA30240E3B46006DD281 /* Base */,
			);
			name = LaunchScreen.storyboard;
			sourceTree = "<group>";
		};
/* End PBXVariantGroup section */

/* Begin XCBuildConfiguration section */
		A976BA33240E3B46006DD281 /* Debug */ = {
			isa = XCBuildConfiguration;
			buildSettings = {
				ALWAYS_SEARCH_USER_PATHS = NO;
				CLANG_ANALYZER_NONNULL = YES;
				CLANG_ANALYZER_NUMBER_OBJECT_CONVERSION = YES_AGGRESSIVE;
				CLANG_CXX_LANGUAGE_STANDARD = "gnu++14";
				CLANG_CXX_LIBRARY = "libc++";
				CLANG_ENABLE_MODULES = YES;
				CLANG_ENABLE_OBJC_ARC = YES;
				CLANG_ENABLE_OBJC_WEAK = YES;
				CLANG_WARN_BLOCK_CAPTURE_AUTORELEASING = YES;
				CLANG_WARN_BOOL_CONVERSION = YES;
				CLANG_WARN_COMMA = YES;
				CLANG_WARN_CONSTANT_CONVERSION = YES;
				CLANG_WARN_DEPRECATED_OBJC_IMPLEMENTATIONS = YES;
				CLANG_WARN_DIRECT_OBJC_ISA_USAGE = YES_ERROR;
				CLANG_WARN_DOCUMENTATION_COMMENTS = YES;
				CLANG_WARN_EMPTY_BODY = YES;
				CLANG_WARN_ENUM_CONVERSION = YES;
				CLANG_WARN_INFINITE_RECURSION = YES;
				CLANG_WARN_INT_CONVERSION = YES;
				CLANG_WARN_NON_LITERAL_NULL_CONVERSION = YES;
				CLANG_WARN_OBJC_IMPLICIT_RETAIN_SELF = YES;
				CLANG_WARN_OBJC_LITERAL_CONVERSION = YES;
				CLANG_WARN_OBJC_ROOT_CLASS = YES_ERROR;
				CLANG_WARN_RANGE_LOOP_ANALYSIS = YES;
				CLANG_WARN_STRICT_PROTOTYPES = YES;
				CLANG_WARN_SUSPICIOUS_MOVE = YES;
				CLANG_WARN_UNGUARDED_AVAILABILITY = YES_AGGRESSIVE;
				CLANG_WARN_UNREACHABLE_CODE = YES;
				CLANG_WARN__DUPLICATE_METHOD_MATCH = YES;
				COPY_PHASE_STRIP = NO;
				DEBUG_INFORMATION_FORMAT = dwarf;
				ENABLE_STRICT_OBJC_MSGSEND = YES;
				ENABLE_TESTABILITY = YES;
				GCC_C_LANGUAGE_STANDARD = gnu11;
				GCC_DYNAMIC_NO_PIC = NO;
				GCC_NO_COMMON_BLOCKS = YES;
				GCC_OPTIMIZATION_LEVEL = 0;
				GCC_PREPROCESSOR_DEFINITIONS = (
					"DEBUG=1",
					"$(inherited)",
				);
				GCC_WARN_64_TO_32_BIT_CONVERSION = YES;
				GCC_WARN_ABOUT_RETURN_TYPE = YES_ERROR;
				GCC_WARN_UNDECLARED_SELECTOR = YES;
				GCC_WARN_UNINITIALIZED_AUTOS = YES_AGGRESSIVE;
				GCC_WARN_UNUSED_FUNCTION = YES;
				GCC_WARN_UNUSED_VARIABLE = YES;
				IPHONEOS_DEPLOYMENT_TARGET = 13.2;
				MTL_ENABLE_DEBUG_INFO = INCLUDE_SOURCE;
				MTL_FAST_MATH = YES;
				ONLY_ACTIVE_ARCH = YES;
				SDKROOT = iphoneos;
				SWIFT_ACTIVE_COMPILATION_CONDITIONS = DEBUG;
				SWIFT_OPTIMIZATION_LEVEL = "-Onone";
			};
			name = Debug;
		};
		A976BA34240E3B46006DD281 /* Release */ = {
			isa = XCBuildConfiguration;
			buildSettings = {
				ALWAYS_SEARCH_USER_PATHS = NO;
				CLANG_ANALYZER_NONNULL = YES;
				CLANG_ANALYZER_NUMBER_OBJECT_CONVERSION = YES_AGGRESSIVE;
				CLANG_CXX_LANGUAGE_STANDARD = "gnu++14";
				CLANG_CXX_LIBRARY = "libc++";
				CLANG_ENABLE_MODULES = YES;
				CLANG_ENABLE_OBJC_ARC = YES;
				CLANG_ENABLE_OBJC_WEAK = YES;
				CLANG_WARN_BLOCK_CAPTURE_AUTORELEASING = YES;
				CLANG_WARN_BOOL_CONVERSION = YES;
				CLANG_WARN_COMMA = YES;
				CLANG_WARN_CONSTANT_CONVERSION = YES;
				CLANG_WARN_DEPRECATED_OBJC_IMPLEMENTATIONS = YES;
				CLANG_WARN_DIRECT_OBJC_ISA_USAGE = YES_ERROR;
				CLANG_WARN_DOCUMENTATION_COMMENTS = YES;
				CLANG_WARN_EMPTY_BODY = YES;
				CLANG_WARN_ENUM_CONVERSION = YES;
				CLANG_WARN_INFINITE_RECURSION = YES;
				CLANG_WARN_INT_CONVERSION = YES;
				CLANG_WARN_NON_LITERAL_NULL_CONVERSION = YES;
				CLANG_WARN_OBJC_IMPLICIT_RETAIN_SELF = YES;
				CLANG_WARN_OBJC_LITERAL_CONVERSION = YES;
				CLANG_WARN_OBJC_ROOT_CLASS = YES_ERROR;
				CLANG_WARN_RANGE_LOOP_ANALYSIS = YES;
				CLANG_WARN_STRICT_PROTOTYPES = YES;
				CLANG_WARN_SUSPICIOUS_MOVE = YES;
				CLANG_WARN_UNGUARDED_AVAILABILITY = YES_AGGRESSIVE;
				CLANG_WARN_UNREACHABLE_CODE = YES;
				CLANG_WARN__DUPLICATE_METHOD_MATCH = YES;
				COPY_PHASE_STRIP = NO;
				DEBUG_INFORMATION_FORMAT = "dwarf-with-dsym";
				ENABLE_NS_ASSERTIONS = NO;
				ENABLE_STRICT_OBJC_MSGSEND = YES;
				GCC_C_LANGUAGE_STANDARD = gnu11;
				GCC_NO_COMMON_BLOCKS = YES;
				GCC_WARN_64_TO_32_BIT_CONVERSION = YES;
				GCC_WARN_ABOUT_RETURN_TYPE = YES_ERROR;
				GCC_WARN_UNDECLARED_SELECTOR = YES;
				GCC_WARN_UNINITIALIZED_AUTOS = YES_AGGRESSIVE;
				GCC_WARN_UNUSED_FUNCTION = YES;
				GCC_WARN_UNUSED_VARIABLE = YES;
				IPHONEOS_DEPLOYMENT_TARGET = 13.2;
				MTL_ENABLE_DEBUG_INFO = NO;
				MTL_FAST_MATH = YES;
				SDKROOT = iphoneos;
				SWIFT_COMPILATION_MODE = wholemodule;
				SWIFT_OPTIMIZATION_LEVEL = "-O";
				VALIDATE_PRODUCT = YES;
			};
			name = Release;
		};
		A976BA36240E3B46006DD281 /* Debug */ = {
			isa = XCBuildConfiguration;
			buildSettings = {
				ASSETCATALOG_COMPILER_APPICON_NAME = AppIcon;
				CODE_SIGN_STYLE = Automatic;
				INFOPLIST_FILE = Picz/Info.plist;
				LD_RUNPATH_SEARCH_PATHS = (
					"$(inherited)",
					"@executable_path/Frameworks",
				);
				PRODUCT_BUNDLE_IDENTIFIER = "Fiorella-Sobenes.Picz";
				PRODUCT_NAME = "$(TARGET_NAME)";
				SWIFT_VERSION = 5.0;
				TARGETED_DEVICE_FAMILY = "1,2";
			};
			name = Debug;
		};
		A976BA37240E3B46006DD281 /* Release */ = {
			isa = XCBuildConfiguration;
			buildSettings = {
				ASSETCATALOG_COMPILER_APPICON_NAME = AppIcon;
				CODE_SIGN_STYLE = Automatic;
				INFOPLIST_FILE = Picz/Info.plist;
				LD_RUNPATH_SEARCH_PATHS = (
					"$(inherited)",
					"@executable_path/Frameworks",
				);
				PRODUCT_BUNDLE_IDENTIFIER = "Fiorella-Sobenes.Picz";
				PRODUCT_NAME = "$(TARGET_NAME)";
				SWIFT_VERSION = 5.0;
				TARGETED_DEVICE_FAMILY = "1,2";
			};
			name = Release;
		};
/* End XCBuildConfiguration section */

/* Begin XCConfigurationList section */
		A976BA1C240E3B43006DD281 /* Build configuration list for PBXProject "Picz" */ = {
			isa = XCConfigurationList;
			buildConfigurations = (
				A976BA33240E3B46006DD281 /* Debug */,
				A976BA34240E3B46006DD281 /* Release */,
			);
			defaultConfigurationIsVisible = 0;
			defaultConfigurationName = Release;
		};
		A976BA35240E3B46006DD281 /* Build configuration list for PBXNativeTarget "Picz" */ = {
			isa = XCConfigurationList;
			buildConfigurations = (
				A976BA36240E3B46006DD281 /* Debug */,
				A976BA37240E3B46006DD281 /* Release */,
			);
			defaultConfigurationIsVisible = 0;
			defaultConfigurationName = Release;
		};
/* End XCConfigurationList section */
	};
	rootObject = A976BA19240E3B43006DD281 /* Project object */;
}
