// !$*UTF8*$!
{
	archiveVersion = 1;
	classes = {
	};
	objectVersion = 50;
	objects = {

/* Begin PBXBuildFile section */
		A9BDE24923FE45D500CC2CCC /* AppDelegate.swift in Sources */ = {isa = PBXBuildFile; fileRef = A9BDE24823FE45D500CC2CCC /* AppDelegate.swift */; };
		A9BDE24B23FE45D500CC2CCC /* SceneDelegate.swift in Sources */ = {isa = PBXBuildFile; fileRef = A9BDE24A23FE45D500CC2CCC /* SceneDelegate.swift */; };
		A9BDE25023FE45D500CC2CCC /* Main.storyboard in Resources */ = {isa = PBXBuildFile; fileRef = A9BDE24E23FE45D500CC2CCC /* Main.storyboard */; };
		A9BDE25223FE45D600CC2CCC /* Assets.xcassets in Resources */ = {isa = PBXBuildFile; fileRef = A9BDE25123FE45D600CC2CCC /* Assets.xcassets */; };
		A9BDE25523FE45D600CC2CCC /* LaunchScreen.storyboard in Resources */ = {isa = PBXBuildFile; fileRef = A9BDE25323FE45D600CC2CCC /* LaunchScreen.storyboard */; };
		A9BDE25D23FE467500CC2CCC /* ViewController.swift in Sources */ = {isa = PBXBuildFile; fileRef = A9BDE25C23FE467500CC2CCC /* ViewController.swift */; };
		A9BDE25F23FE482000CC2CCC /* AddWordController.swift in Sources */ = {isa = PBXBuildFile; fileRef = A9BDE25E23FE482000CC2CCC /* AddWordController.swift */; };
		A9BDE26523FE6B6B00CC2CCC /* WordDataController.swift in Sources */ = {isa = PBXBuildFile; fileRef = A9BDE26423FE6B6B00CC2CCC /* WordDataController.swift */; };
		A9BDE26723FE6C6C00CC2CCC /* Words.plist in Resources */ = {isa = PBXBuildFile; fileRef = A9BDE26623FE6C6C00CC2CCC /* Words.plist */; };
		A9BDE26923FE75CA00CC2CCC /* SpeechViewController.swift in Sources */ = {isa = PBXBuildFile; fileRef = A9BDE26823FE75CA00CC2CCC /* SpeechViewController.swift */; };
		A9BDE29323FF06B500CC2CCC /* SearchResultsController.swift in Sources */ = {isa = PBXBuildFile; fileRef = A9BDE29223FF06B500CC2CCC /* SearchResultsController.swift */; };
/* End PBXBuildFile section */

/* Begin PBXFileReference section */
		A9BDE24523FE45D500CC2CCC /* Vocab List.app */ = {isa = PBXFileReference; explicitFileType = wrapper.application; includeInIndex = 0; path = "Vocab List.app"; sourceTree = BUILT_PRODUCTS_DIR; };
		A9BDE24823FE45D500CC2CCC /* AppDelegate.swift */ = {isa = PBXFileReference; lastKnownFileType = sourcecode.swift; path = AppDelegate.swift; sourceTree = "<group>"; };
		A9BDE24A23FE45D500CC2CCC /* SceneDelegate.swift */ = {isa = PBXFileReference; lastKnownFileType = sourcecode.swift; path = SceneDelegate.swift; sourceTree = "<group>"; };
		A9BDE24F23FE45D500CC2CCC /* Base */ = {isa = PBXFileReference; lastKnownFileType = file.storyboard; name = Base; path = Base.lproj/Main.storyboard; sourceTree = "<group>"; };
		A9BDE25123FE45D600CC2CCC /* Assets.xcassets */ = {isa = PBXFileReference; lastKnownFileType = folder.assetcatalog; path = Assets.xcassets; sourceTree = "<group>"; };
		A9BDE25423FE45D600CC2CCC /* Base */ = {isa = PBXFileReference; lastKnownFileType = file.storyboard; name = Base; path = Base.lproj/LaunchScreen.storyboard; sourceTree = "<group>"; };
		A9BDE25623FE45D600CC2CCC /* Info.plist */ = {isa = PBXFileReference; lastKnownFileType = text.plist.xml; path = Info.plist; sourceTree = "<group>"; };
		A9BDE25C23FE467500CC2CCC /* ViewController.swift */ = {isa = PBXFileReference; lastKnownFileType = sourcecode.swift; name = ViewController.swift; path = ../ViewController.swift; sourceTree = "<group>"; };
		A9BDE25E23FE482000CC2CCC /* AddWordController.swift */ = {isa = PBXFileReference; lastKnownFileType = sourcecode.swift; path = AddWordController.swift; sourceTree = "<group>"; };
		A9BDE26423FE6B6B00CC2CCC /* WordDataController.swift */ = {isa = PBXFileReference; lastKnownFileType = sourcecode.swift; path = WordDataController.swift; sourceTree = "<group>"; };
		A9BDE26623FE6C6C00CC2CCC /* Words.plist */ = {isa = PBXFileReference; lastKnownFileType = text.plist.xml; path = Words.plist; sourceTree = "<group>"; };
		A9BDE26823FE75CA00CC2CCC /* SpeechViewController.swift */ = {isa = PBXFileReference; lastKnownFileType = sourcecode.swift; path = SpeechViewController.swift; sourceTree = "<group>"; };
		A9BDE29223FF06B500CC2CCC /* SearchResultsController.swift */ = {isa = PBXFileReference; lastKnownFileType = sourcecode.swift; path = SearchResultsController.swift; sourceTree = "<group>"; };
/* End PBXFileReference section */

/* Begin PBXFrameworksBuildPhase section */
		A9BDE24223FE45D500CC2CCC /* Frameworks */ = {
			isa = PBXFrameworksBuildPhase;
			buildActionMask = 2147483647;
			files = (
			);
			runOnlyForDeploymentPostprocessing = 0;
		};
/* End PBXFrameworksBuildPhase section */

/* Begin PBXGroup section */
		A9BDE23C23FE45D500CC2CCC = {
			isa = PBXGroup;
			children = (
				A9BDE24723FE45D500CC2CCC /* Vocab List */,
				A9BDE24623FE45D500CC2CCC /* Products */,
			);
			sourceTree = "<group>";
		};
		A9BDE24623FE45D500CC2CCC /* Products */ = {
			isa = PBXGroup;
			children = (
				A9BDE24523FE45D500CC2CCC /* Vocab List.app */,
			);
			name = Products;
			sourceTree = "<group>";
		};
		A9BDE24723FE45D500CC2CCC /* Vocab List */ = {
			isa = PBXGroup;
			children = (
				A9BDE24823FE45D500CC2CCC /* AppDelegate.swift */,
				A9BDE24A23FE45D500CC2CCC /* SceneDelegate.swift */,
				A9BDE26823FE75CA00CC2CCC /* SpeechViewController.swift */,
				A9BDE25C23FE467500CC2CCC /* ViewController.swift */,
				A9BDE25E23FE482000CC2CCC /* AddWordController.swift */,
				A9BDE24E23FE45D500CC2CCC /* Main.storyboard */,
				A9BDE29223FF06B500CC2CCC /* SearchResultsController.swift */,
				A9BDE25123FE45D600CC2CCC /* Assets.xcassets */,
				A9BDE25323FE45D600CC2CCC /* LaunchScreen.storyboard */,
				A9BDE26423FE6B6B00CC2CCC /* WordDataController.swift */,
				A9BDE26623FE6C6C00CC2CCC /* Words.plist */,
				A9BDE25623FE45D600CC2CCC /* Info.plist */,
			);
			path = "Vocab List";
			sourceTree = "<group>";
		};
/* End PBXGroup section */

/* Begin PBXNativeTarget section */
		A9BDE24423FE45D500CC2CCC /* Vocab List */ = {
			isa = PBXNativeTarget;
			buildConfigurationList = A9BDE25923FE45D600CC2CCC /* Build configuration list for PBXNativeTarget "Vocab List" */;
			buildPhases = (
				A9BDE24123FE45D500CC2CCC /* Sources */,
				A9BDE24223FE45D500CC2CCC /* Frameworks */,
				A9BDE24323FE45D500CC2CCC /* Resources */,
			);
			buildRules = (
			);
			dependencies = (
			);
			name = "Vocab List";
			productName = "Vocab List";
			productReference = A9BDE24523FE45D500CC2CCC /* Vocab List.app */;
			productType = "com.apple.product-type.application";
		};
/* End PBXNativeTarget section */

/* Begin PBXProject section */
		A9BDE23D23FE45D500CC2CCC /* Project object */ = {
			isa = PBXProject;
			attributes = {
				LastSwiftUpdateCheck = 1130;
				LastUpgradeCheck = 1130;
				ORGANIZATIONNAME = "Fiorella Sobenes";
				TargetAttributes = {
					A9BDE24423FE45D500CC2CCC = {
						CreatedOnToolsVersion = 11.3.1;
					};
				};
			};
			buildConfigurationList = A9BDE24023FE45D500CC2CCC /* Build configuration list for PBXProject "Vocab List" */;
			compatibilityVersion = "Xcode 9.3";
			developmentRegion = en;
			hasScannedForEncodings = 0;
			knownRegions = (
				en,
				Base,
			);
			mainGroup = A9BDE23C23FE45D500CC2CCC;
			productRefGroup = A9BDE24623FE45D500CC2CCC /* Products */;
			projectDirPath = "";
			projectRoot = "";
			targets = (
				A9BDE24423FE45D500CC2CCC /* Vocab List */,
			);
		};
/* End PBXProject section */

/* Begin PBXResourcesBuildPhase section */
		A9BDE24323FE45D500CC2CCC /* Resources */ = {
			isa = PBXResourcesBuildPhase;
			buildActionMask = 2147483647;
			files = (
				A9BDE26723FE6C6C00CC2CCC /* Words.plist in Resources */,
				A9BDE25523FE45D600CC2CCC /* LaunchScreen.storyboard in Resources */,
				A9BDE25223FE45D600CC2CCC /* Assets.xcassets in Resources */,
				A9BDE25023FE45D500CC2CCC /* Main.storyboard in Resources */,
			);
			runOnlyForDeploymentPostprocessing = 0;
		};
/* End PBXResourcesBuildPhase section */

/* Begin PBXSourcesBuildPhase section */
		A9BDE24123FE45D500CC2CCC /* Sources */ = {
			isa = PBXSourcesBuildPhase;
			buildActionMask = 2147483647;
			files = (
				A9BDE25D23FE467500CC2CCC /* ViewController.swift in Sources */,
				A9BDE26523FE6B6B00CC2CCC /* WordDataController.swift in Sources */,
				A9BDE24923FE45D500CC2CCC /* AppDelegate.swift in Sources */,
				A9BDE29323FF06B500CC2CCC /* SearchResultsController.swift in Sources */,
				A9BDE24B23FE45D500CC2CCC /* SceneDelegate.swift in Sources */,
				A9BDE26923FE75CA00CC2CCC /* SpeechViewController.swift in Sources */,
				A9BDE25F23FE482000CC2CCC /* AddWordController.swift in Sources */,
			);
			runOnlyForDeploymentPostprocessing = 0;
		};
/* End PBXSourcesBuildPhase section */

/* Begin PBXVariantGroup section */
		A9BDE24E23FE45D500CC2CCC /* Main.storyboard */ = {
			isa = PBXVariantGroup;
			children = (
				A9BDE24F23FE45D500CC2CCC /* Base */,
			);
			name = Main.storyboard;
			sourceTree = "<group>";
		};
		A9BDE25323FE45D600CC2CCC /* LaunchScreen.storyboard */ = {
			isa = PBXVariantGroup;
			children = (
				A9BDE25423FE45D600CC2CCC /* Base */,
			);
			name = LaunchScreen.storyboard;
			sourceTree = "<group>";
		};
/* End PBXVariantGroup section */

/* Begin XCBuildConfiguration section */
		A9BDE25723FE45D600CC2CCC /* Debug */ = {
			isa = XCBuildConfiguration;
			buildSettings = {
				ALWAYS_SEARCH_USER_PATHS = NO;
				CLANG_ANALYZER_NONNULL = YES;
				CLANG_ANALYZER_NUMBER_OBJECT_CONVERSION = YES_AGGRESSIVE;
				CLANG_CXX_LANGUAGE_STANDARD = "gnu++14";
				CLANG_CXX_LIBRARY = "libc++";
				CLANG_ENABLE_MODULES = YES;
				CLANG_ENABLE_OBJC_ARC = YES;
				CLANG_ENABLE_OBJC_WEAK = YES;
				CLANG_WARN_BLOCK_CAPTURE_AUTORELEASING = YES;
				CLANG_WARN_BOOL_CONVERSION = YES;
				CLANG_WARN_COMMA = YES;
				CLANG_WARN_CONSTANT_CONVERSION = YES;
				CLANG_WARN_DEPRECATED_OBJC_IMPLEMENTATIONS = YES;
				CLANG_WARN_DIRECT_OBJC_ISA_USAGE = YES_ERROR;
				CLANG_WARN_DOCUMENTATION_COMMENTS = YES;
				CLANG_WARN_EMPTY_BODY = YES;
				CLANG_WARN_ENUM_CONVERSION = YES;
				CLANG_WARN_INFINITE_RECURSION = YES;
				CLANG_WARN_INT_CONVERSION = YES;
				CLANG_WARN_NON_LITERAL_NULL_CONVERSION = YES;
				CLANG_WARN_OBJC_IMPLICIT_RETAIN_SELF = YES;
				CLANG_WARN_OBJC_LITERAL_CONVERSION = YES;
				CLANG_WARN_OBJC_ROOT_CLASS = YES_ERROR;
				CLANG_WARN_RANGE_LOOP_ANALYSIS = YES;
				CLANG_WARN_STRICT_PROTOTYPES = YES;
				CLANG_WARN_SUSPICIOUS_MOVE = YES;
				CLANG_WARN_UNGUARDED_AVAILABILITY = YES_AGGRESSIVE;
				CLANG_WARN_UNREACHABLE_CODE = YES;
				CLANG_WARN__DUPLICATE_METHOD_MATCH = YES;
				COPY_PHASE_STRIP = NO;
				DEBUG_INFORMATION_FORMAT = dwarf;
				ENABLE_STRICT_OBJC_MSGSEND = YES;
				ENABLE_TESTABILITY = YES;
				GCC_C_LANGUAGE_STANDARD = gnu11;
				GCC_DYNAMIC_NO_PIC = NO;
				GCC_NO_COMMON_BLOCKS = YES;
				GCC_OPTIMIZATION_LEVEL = 0;
				GCC_PREPROCESSOR_DEFINITIONS = (
					"DEBUG=1",
					"$(inherited)",
				);
				GCC_WARN_64_TO_32_BIT_CONVERSION = YES;
				GCC_WARN_ABOUT_RETURN_TYPE = YES_ERROR;
				GCC_WARN_UNDECLARED_SELECTOR = YES;
				GCC_WARN_UNINITIALIZED_AUTOS = YES_AGGRESSIVE;
				GCC_WARN_UNUSED_FUNCTION = YES;
				GCC_WARN_UNUSED_VARIABLE = YES;
				IPHONEOS_DEPLOYMENT_TARGET = 13.2;
				MTL_ENABLE_DEBUG_INFO = INCLUDE_SOURCE;
				MTL_FAST_MATH = YES;
				ONLY_ACTIVE_ARCH = YES;
				SDKROOT = iphoneos;
				SWIFT_ACTIVE_COMPILATION_CONDITIONS = DEBUG;
				SWIFT_OPTIMIZATION_LEVEL = "-Onone";
			};
			name = Debug;
		};
		A9BDE25823FE45D600CC2CCC /* Release */ = {
			isa = XCBuildConfiguration;
			buildSettings = {
				ALWAYS_SEARCH_USER_PATHS = NO;
				CLANG_ANALYZER_NONNULL = YES;
				CLANG_ANALYZER_NUMBER_OBJECT_CONVERSION = YES_AGGRESSIVE;
				CLANG_CXX_LANGUAGE_STANDARD = "gnu++14";
				CLANG_CXX_LIBRARY = "libc++";
				CLANG_ENABLE_MODULES = YES;
				CLANG_ENABLE_OBJC_ARC = YES;
				CLANG_ENABLE_OBJC_WEAK = YES;
				CLANG_WARN_BLOCK_CAPTURE_AUTORELEASING = YES;
				CLANG_WARN_BOOL_CONVERSION = YES;
				CLANG_WARN_COMMA = YES;
				CLANG_WARN_CONSTANT_CONVERSION = YES;
				CLANG_WARN_DEPRECATED_OBJC_IMPLEMENTATIONS = YES;
				CLANG_WARN_DIRECT_OBJC_ISA_USAGE = YES_ERROR;
				CLANG_WARN_DOCUMENTATION_COMMENTS = YES;
				CLANG_WARN_EMPTY_BODY = YES;
				CLANG_WARN_ENUM_CONVERSION = YES;
				CLANG_WARN_INFINITE_RECURSION = YES;
				CLANG_WARN_INT_CONVERSION = YES;
				CLANG_WARN_NON_LITERAL_NULL_CONVERSION = YES;
				CLANG_WARN_OBJC_IMPLICIT_RETAIN_SELF = YES;
				CLANG_WARN_OBJC_LITERAL_CONVERSION = YES;
				CLANG_WARN_OBJC_ROOT_CLASS = YES_ERROR;
				CLANG_WARN_RANGE_LOOP_ANALYSIS = YES;
				CLANG_WARN_STRICT_PROTOTYPES = YES;
				CLANG_WARN_SUSPICIOUS_MOVE = YES;
				CLANG_WARN_UNGUARDED_AVAILABILITY = YES_AGGRESSIVE;
				CLANG_WARN_UNREACHABLE_CODE = YES;
				CLANG_WARN__DUPLICATE_METHOD_MATCH = YES;
				COPY_PHASE_STRIP = NO;
				DEBUG_INFORMATION_FORMAT = "dwarf-with-dsym";
				ENABLE_NS_ASSERTIONS = NO;
				ENABLE_STRICT_OBJC_MSGSEND = YES;
				GCC_C_LANGUAGE_STANDARD = gnu11;
				GCC_NO_COMMON_BLOCKS = YES;
				GCC_WARN_64_TO_32_BIT_CONVERSION = YES;
				GCC_WARN_ABOUT_RETURN_TYPE = YES_ERROR;
				GCC_WARN_UNDECLARED_SELECTOR = YES;
				GCC_WARN_UNINITIALIZED_AUTOS = YES_AGGRESSIVE;
				GCC_WARN_UNUSED_FUNCTION = YES;
				GCC_WARN_UNUSED_VARIABLE = YES;
				IPHONEOS_DEPLOYMENT_TARGET = 13.2;
				MTL_ENABLE_DEBUG_INFO = NO;
				MTL_FAST_MATH = YES;
				SDKROOT = iphoneos;
				SWIFT_COMPILATION_MODE = wholemodule;
				SWIFT_OPTIMIZATION_LEVEL = "-O";
				VALIDATE_PRODUCT = YES;
			};
			name = Release;
		};
		A9BDE25A23FE45D600CC2CCC /* Debug */ = {
			isa = XCBuildConfiguration;
			buildSettings = {
				ASSETCATALOG_COMPILER_APPICON_NAME = AppIcon;
				CODE_SIGN_STYLE = Automatic;
				INFOPLIST_FILE = "Vocab List/Info.plist";
				LD_RUNPATH_SEARCH_PATHS = (
					"$(inherited)",
					"@executable_path/Frameworks",
				);
				PRODUCT_BUNDLE_IDENTIFIER = "Fiorella-Sobenes.Vocab-List";
				PRODUCT_NAME = "$(TARGET_NAME)";
				SWIFT_VERSION = 5.0;
				TARGETED_DEVICE_FAMILY = "1,2";
			};
			name = Debug;
		};
		A9BDE25B23FE45D600CC2CCC /* Release */ = {
			isa = XCBuildConfiguration;
			buildSettings = {
				ASSETCATALOG_COMPILER_APPICON_NAME = AppIcon;
				CODE_SIGN_STYLE = Automatic;
				INFOPLIST_FILE = "Vocab List/Info.plist";
				LD_RUNPATH_SEARCH_PATHS = (
					"$(inherited)",
					"@executable_path/Frameworks",
				);
				PRODUCT_BUNDLE_IDENTIFIER = "Fiorella-Sobenes.Vocab-List";
				PRODUCT_NAME = "$(TARGET_NAME)";
				SWIFT_VERSION = 5.0;
				TARGETED_DEVICE_FAMILY = "1,2";
			};
			name = Release;
		};
/* End XCBuildConfiguration section */

/* Begin XCConfigurationList section */
		A9BDE24023FE45D500CC2CCC /* Build configuration list for PBXProject "Vocab List" */ = {
			isa = XCConfigurationList;
			buildConfigurations = (
				A9BDE25723FE45D600CC2CCC /* Debug */,
				A9BDE25823FE45D600CC2CCC /* Release */,
			);
			defaultConfigurationIsVisible = 0;
			defaultConfigurationName = Release;
		};
		A9BDE25923FE45D600CC2CCC /* Build configuration list for PBXNativeTarget "Vocab List" */ = {
			isa = XCConfigurationList;
			buildConfigurations = (
				A9BDE25A23FE45D600CC2CCC /* Debug */,
				A9BDE25B23FE45D600CC2CCC /* Release */,
			);
			defaultConfigurationIsVisible = 0;
			defaultConfigurationName = Release;
		};
/* End XCConfigurationList section */
	};
	rootObject = A9BDE23D23FE45D500CC2CCC /* Project object */;
}
